{
  "name": "node-core",
  "lockfileVersion": 3,
  "requires": true,
  "packages": {
    "": {
      "dependencies": {
        "streams": "^0.0.14"
      }
    },
    "node_modules/streams": {
      "version": "0.0.14",
      "resolved": "https://registry.npmjs.org/streams/-/streams-0.0.14.tgz",
      "integrity": "sha512-il/7GkalPUaLtC3/L9xuoOYlrcNy1xS0uuzsnT8x8lKnRGNKPowq6YA0hGuV66cUv7bkPHSinvyWQcEwGY53Tg=="
    }
  }
}
